// !$*UTF8*$!
{
	archiveVersion = 1;
	classes = {
	};
	objectVersion = 46;
	objects = {

/* Begin PBXBuildFile section */
		18F6E5DA1F57B363006D9DE4 /* AppDelegate.swift in Sources */ = {isa = PBXBuildFile; fileRef = 18F6E5D91F57B363006D9DE4 /* AppDelegate.swift */; };
		18F6E5DF1F57B363006D9DE4 /* Main.storyboard in Resources */ = {isa = PBXBuildFile; fileRef = 18F6E5DD1F57B363006D9DE4 /* Main.storyboard */; };
		18F6E5E11F57B363006D9DE4 /* Assets.xcassets in Resources */ = {isa = PBXBuildFile; fileRef = 18F6E5E01F57B363006D9DE4 /* Assets.xcassets */; };
		18F6E5E41F57B363006D9DE4 /* LaunchScreen.storyboard in Resources */ = {isa = PBXBuildFile; fileRef = 18F6E5E21F57B363006D9DE4 /* LaunchScreen.storyboard */; };
		18F6E5EC1F57B5FC006D9DE4 /* NetworkHandler.swift in Sources */ = {isa = PBXBuildFile; fileRef = 18F6E5EB1F57B5FC006D9DE4 /* NetworkHandler.swift */; };
		18F6E5EE1F57B81B006D9DE4 /* AppleEndPoint.swift in Sources */ = {isa = PBXBuildFile; fileRef = 18F6E5ED1F57B81B006D9DE4 /* AppleEndPoint.swift */; };
		18F6E5F01F57B83E006D9DE4 /* MusicVideo.swift in Sources */ = {isa = PBXBuildFile; fileRef = 18F6E5EF1F57B83E006D9DE4 /* MusicVideo.swift */; };
		18F6E5F21F57B874006D9DE4 /* MusicVideoClient.swift in Sources */ = {isa = PBXBuildFile; fileRef = 18F6E5F11F57B874006D9DE4 /* MusicVideoClient.swift */; };
		18F6E5F61F57BEEF006D9DE4 /* SearchVC.swift in Sources */ = {isa = PBXBuildFile; fileRef = 18F6E5F51F57BEEF006D9DE4 /* SearchVC.swift */; };
		18F6E5F81F57C611006D9DE4 /* MusicVideoCell.swift in Sources */ = {isa = PBXBuildFile; fileRef = 18F6E5F71F57C611006D9DE4 /* MusicVideoCell.swift */; };
		18F6E5FD1F580879006D9DE4 /* MusicVideoVC.swift in Sources */ = {isa = PBXBuildFile; fileRef = 18F6E5FC1F580879006D9DE4 /* MusicVideoVC.swift */; };
		18F6E5FF1F58FF38006D9DE4 /* DescriptionView.swift in Sources */ = {isa = PBXBuildFile; fileRef = 18F6E5FE1F58FF38006D9DE4 /* DescriptionView.swift */; };
/* End PBXBuildFile section */

/* Begin PBXFileReference section */
		18F6E5D61F57B363006D9DE4 /* itunesMusicVideosSearch.app */ = {isa = PBXFileReference; explicitFileType = wrapper.application; includeInIndex = 0; path = itunesMusicVideosSearch.app; sourceTree = BUILT_PRODUCTS_DIR; };
		18F6E5D91F57B363006D9DE4 /* AppDelegate.swift */ = {isa = PBXFileReference; lastKnownFileType = sourcecode.swift; path = AppDelegate.swift; sourceTree = "<group>"; };
		18F6E5DE1F57B363006D9DE4 /* Base */ = {isa = PBXFileReference; lastKnownFileType = file.storyboard; name = Base; path = Base.lproj/Main.storyboard; sourceTree = "<group>"; };
		18F6E5E01F57B363006D9DE4 /* Assets.xcassets */ = {isa = PBXFileReference; lastKnownFileType = folder.assetcatalog; path = Assets.xcassets; sourceTree = "<group>"; };
		18F6E5E31F57B363006D9DE4 /* Base */ = {isa = PBXFileReference; lastKnownFileType = file.storyboard; name = Base; path = Base.lproj/LaunchScreen.storyboard; sourceTree = "<group>"; };
		18F6E5E51F57B363006D9DE4 /* Info.plist */ = {isa = PBXFileReference; lastKnownFileType = text.plist.xml; path = Info.plist; sourceTree = "<group>"; };
		18F6E5EB1F57B5FC006D9DE4 /* NetworkHandler.swift */ = {isa = PBXFileReference; fileEncoding = 4; lastKnownFileType = sourcecode.swift; path = NetworkHandler.swift; sourceTree = "<group>"; };
		18F6E5ED1F57B81B006D9DE4 /* AppleEndPoint.swift */ = {isa = PBXFileReference; fileEncoding = 4; lastKnownFileType = sourcecode.swift; path = AppleEndPoint.swift; sourceTree = "<group>"; };
		18F6E5EF1F57B83E006D9DE4 /* MusicVideo.swift */ = {isa = PBXFileReference; fileEncoding = 4; lastKnownFileType = sourcecode.swift; path = MusicVideo.swift; sourceTree = "<group>"; };
		18F6E5F11F57B874006D9DE4 /* MusicVideoClient.swift */ = {isa = PBXFileReference; fileEncoding = 4; lastKnownFileType = sourcecode.swift; path = MusicVideoClient.swift; sourceTree = "<group>"; };
		18F6E5F51F57BEEF006D9DE4 /* SearchVC.swift */ = {isa = PBXFileReference; fileEncoding = 4; lastKnownFileType = sourcecode.swift; path = SearchVC.swift; sourceTree = "<group>"; };
		18F6E5F71F57C611006D9DE4 /* MusicVideoCell.swift */ = {isa = PBXFileReference; fileEncoding = 4; lastKnownFileType = sourcecode.swift; path = MusicVideoCell.swift; sourceTree = "<group>"; };
		18F6E5FC1F580879006D9DE4 /* MusicVideoVC.swift */ = {isa = PBXFileReference; fileEncoding = 4; lastKnownFileType = sourcecode.swift; path = MusicVideoVC.swift; sourceTree = "<group>"; };
		18F6E5FE1F58FF38006D9DE4 /* DescriptionView.swift */ = {isa = PBXFileReference; fileEncoding = 4; lastKnownFileType = sourcecode.swift; path = DescriptionView.swift; sourceTree = "<group>"; };
/* End PBXFileReference section */

/* Begin PBXFrameworksBuildPhase section */
		18F6E5D31F57B363006D9DE4 /* Frameworks */ = {
			isa = PBXFrameworksBuildPhase;
			buildActionMask = 2147483647;
			files = (
			);
			runOnlyForDeploymentPostprocessing = 0;
		};
/* End PBXFrameworksBuildPhase section */

/* Begin PBXGroup section */
		18F6E5CD1F57B363006D9DE4 = {
			isa = PBXGroup;
			children = (
				18F6E5D81F57B363006D9DE4 /* itunesMusicVideosSearch */,
				18F6E5D71F57B363006D9DE4 /* Products */,
			);
			sourceTree = "<group>";
		};
		18F6E5D71F57B363006D9DE4 /* Products */ = {
			isa = PBXGroup;
			children = (
				18F6E5D61F57B363006D9DE4 /* itunesMusicVideosSearch.app */,
			);
			name = Products;
			sourceTree = "<group>";
		};
		18F6E5D81F57B363006D9DE4 /* itunesMusicVideosSearch */ = {
			isa = PBXGroup;
			children = (
				18F6E5F41F57BE4C006D9DE4 /* Controller */,
				18F6E5F31F57BD9C006D9DE4 /* Model */,
				18F6E5F91F57C61B006D9DE4 /* Cells */,
				18F6E5FA1F58047A006D9DE4 /* View */,
				18F6E5FB1F580487006D9DE4 /* Resources */,
			);
			path = itunesMusicVideosSearch;
			sourceTree = "<group>";
		};
		18F6E5F31F57BD9C006D9DE4 /* Model */ = {
			isa = PBXGroup;
			children = (
				18F6E5EB1F57B5FC006D9DE4 /* NetworkHandler.swift */,
				18F6E5ED1F57B81B006D9DE4 /* AppleEndPoint.swift */,
				18F6E5EF1F57B83E006D9DE4 /* MusicVideo.swift */,
				18F6E5F11F57B874006D9DE4 /* MusicVideoClient.swift */,
				18F6E6001F5905C0006D9DE4 /* View */,
			);
			name = Model;
			sourceTree = "<group>";
		};
		18F6E5F41F57BE4C006D9DE4 /* Controller */ = {
			isa = PBXGroup;
			children = (
				18F6E5D91F57B363006D9DE4 /* AppDelegate.swift */,
				18F6E5F51F57BEEF006D9DE4 /* SearchVC.swift */,
				18F6E5FC1F580879006D9DE4 /* MusicVideoVC.swift */,
			);
			name = Controller;
			sourceTree = "<group>";
		};
		18F6E5F91F57C61B006D9DE4 /* Cells */ = {
			isa = PBXGroup;
			children = (
				18F6E5F71F57C611006D9DE4 /* MusicVideoCell.swift */,
			);
			name = Cells;
			sourceTree = "<group>";
		};
		18F6E5FA1F58047A006D9DE4 /* View */ = {
			isa = PBXGroup;
			children = (
				18F6E5DD1F57B363006D9DE4 /* Main.storyboard */,
				18F6E5E21F57B363006D9DE4 /* LaunchScreen.storyboard */,
			);
			name = View;
			sourceTree = "<group>";
		};
		18F6E5FB1F580487006D9DE4 /* Resources */ = {
			isa = PBXGroup;
			children = (
				18F6E5E01F57B363006D9DE4 /* Assets.xcassets */,
				18F6E5E51F57B363006D9DE4 /* Info.plist */,
			);
			name = Resources;
			sourceTree = "<group>";
		};
		18F6E6001F5905C0006D9DE4 /* View */ = {
			isa = PBXGroup;
			children = (
				18F6E5FE1F58FF38006D9DE4 /* DescriptionView.swift */,
			);
			name = View;
			sourceTree = "<group>";
		};
/* End PBXGroup section */

/* Begin PBXNativeTarget section */
		18F6E5D51F57B363006D9DE4 /* itunesMusicVideosSearch */ = {
			isa = PBXNativeTarget;
			buildConfigurationList = 18F6E5E81F57B363006D9DE4 /* Build configuration list for PBXNativeTarget "itunesMusicVideosSearch" */;
			buildPhases = (
				18F6E5D21F57B363006D9DE4 /* Sources */,
				18F6E5D31F57B363006D9DE4 /* Frameworks */,
				18F6E5D41F57B363006D9DE4 /* Resources */,
			);
			buildRules = (
			);
			dependencies = (
			);
			name = itunesMusicVideosSearch;
			productName = itunesMusicVideosSearch;
			productReference = 18F6E5D61F57B363006D9DE4 /* itunesMusicVideosSearch.app */;
			productType = "com.apple.product-type.application";
		};
/* End PBXNativeTarget section */

/* Begin PBXProject section */
		18F6E5CE1F57B363006D9DE4 /* Project object */ = {
			isa = PBXProject;
			attributes = {
				LastSwiftUpdateCheck = 0820;
				LastUpgradeCheck = 0820;
				TargetAttributes = {
					18F6E5D51F57B363006D9DE4 = {
						CreatedOnToolsVersion = 8.2.1;
						DevelopmentTeam = PE9MW7PNB5;
						ProvisioningStyle = Automatic;
					};
				};
			};
			buildConfigurationList = 18F6E5D11F57B363006D9DE4 /* Build configuration list for PBXProject "itunesMusicVideosSearch" */;
			compatibilityVersion = "Xcode 3.2";
			developmentRegion = English;
			hasScannedForEncodings = 0;
			knownRegions = (
				en,
				Base,
			);
			mainGroup = 18F6E5CD1F57B363006D9DE4;
			productRefGroup = 18F6E5D71F57B363006D9DE4 /* Products */;
			projectDirPath = "";
			projectRoot = "";
			targets = (
				18F6E5D51F57B363006D9DE4 /* itunesMusicVideosSearch */,
			);
		};
/* End PBXProject section */

/* Begin PBXResourcesBuildPhase section */
		18F6E5D41F57B363006D9DE4 /* Resources */ = {
			isa = PBXResourcesBuildPhase;
			buildActionMask = 2147483647;
			files = (
				18F6E5E41F57B363006D9DE4 /* LaunchScreen.storyboard in Resources */,
				18F6E5E11F57B363006D9DE4 /* Assets.xcassets in Resources */,
				18F6E5DF1F57B363006D9DE4 /* Main.storyboard in Resources */,
			);
			runOnlyForDeploymentPostprocessing = 0;
		};
/* End PBXResourcesBuildPhase section */

/* Begin PBXSourcesBuildPhase section */
		18F6E5D21F57B363006D9DE4 /* Sources */ = {
			isa = PBXSourcesBuildPhase;
			buildActionMask = 2147483647;
			files = (
				18F6E5F21F57B874006D9DE4 /* MusicVideoClient.swift in Sources */,
				18F6E5EC1F57B5FC006D9DE4 /* NetworkHandler.swift in Sources */,
				18F6E5EE1F57B81B006D9DE4 /* AppleEndPoint.swift in Sources */,
				18F6E5FF1F58FF38006D9DE4 /* DescriptionView.swift in Sources */,
				18F6E5F01F57B83E006D9DE4 /* MusicVideo.swift in Sources */,
				18F6E5DA1F57B363006D9DE4 /* AppDelegate.swift in Sources */,
				18F6E5F61F57BEEF006D9DE4 /* SearchVC.swift in Sources */,
				18F6E5FD1F580879006D9DE4 /* MusicVideoVC.swift in Sources */,
				18F6E5F81F57C611006D9DE4 /* MusicVideoCell.swift in Sources */,
			);
			runOnlyForDeploymentPostprocessing = 0;
		};
/* End PBXSourcesBuildPhase section */

/* Begin PBXVariantGroup section */
		18F6E5DD1F57B363006D9DE4 /* Main.storyboard */ = {
			isa = PBXVariantGroup;
			children = (
				18F6E5DE1F57B363006D9DE4 /* Base */,
			);
			name = Main.storyboard;
			sourceTree = "<group>";
		};
		18F6E5E21F57B363006D9DE4 /* LaunchScreen.storyboard */ = {
			isa = PBXVariantGroup;
			children = (
				18F6E5E31F57B363006D9DE4 /* Base */,
			);
			name = LaunchScreen.storyboard;
			sourceTree = "<group>";
		};
/* End PBXVariantGroup section */

/* Begin XCBuildConfiguration section */
		18F6E5E61F57B363006D9DE4 /* Debug */ = {
			isa = XCBuildConfiguration;
			buildSettings = {
				ALWAYS_SEARCH_USER_PATHS = NO;
				CLANG_ANALYZER_NONNULL = YES;
				CLANG_CXX_LANGUAGE_STANDARD = "gnu++0x";
				CLANG_CXX_LIBRARY = "libc++";
				CLANG_ENABLE_MODULES = YES;
				CLANG_ENABLE_OBJC_ARC = YES;
				CLANG_WARN_BOOL_CONVERSION = YES;
				CLANG_WARN_CONSTANT_CONVERSION = YES;
				CLANG_WARN_DIRECT_OBJC_ISA_USAGE = YES_ERROR;
				CLANG_WARN_DOCUMENTATION_COMMENTS = YES;
				CLANG_WARN_EMPTY_BODY = YES;
				CLANG_WARN_ENUM_CONVERSION = YES;
				CLANG_WARN_INFINITE_RECURSION = YES;
				CLANG_WARN_INT_CONVERSION = YES;
				CLANG_WARN_OBJC_ROOT_CLASS = YES_ERROR;
				CLANG_WARN_SUSPICIOUS_MOVE = YES;
				CLANG_WARN_UNREACHABLE_CODE = YES;
				CLANG_WARN__DUPLICATE_METHOD_MATCH = YES;
				"CODE_SIGN_IDENTITY[sdk=iphoneos*]" = "iPhone Developer";
				COPY_PHASE_STRIP = NO;
				DEBUG_INFORMATION_FORMAT = dwarf;
				ENABLE_STRICT_OBJC_MSGSEND = YES;
				ENABLE_TESTABILITY = YES;
				GCC_C_LANGUAGE_STANDARD = gnu99;
				GCC_DYNAMIC_NO_PIC = NO;
				GCC_NO_COMMON_BLOCKS = YES;
				GCC_OPTIMIZATION_LEVEL = 0;
				GCC_PREPROCESSOR_DEFINITIONS = (
					"DEBUG=1",
					"$(inherited)",
				);
				GCC_WARN_64_TO_32_BIT_CONVERSION = YES;
				GCC_WARN_ABOUT_RETURN_TYPE = YES_ERROR;
				GCC_WARN_UNDECLARED_SELECTOR = YES;
				GCC_WARN_UNINITIALIZED_AUTOS = YES_AGGRESSIVE;
				GCC_WARN_UNUSED_FUNCTION = YES;
				GCC_WARN_UNUSED_VARIABLE = YES;
				IPHONEOS_DEPLOYMENT_TARGET = 10.2;
				MTL_ENABLE_DEBUG_INFO = YES;
				ONLY_ACTIVE_ARCH = YES;
				SDKROOT = iphoneos;
				SWIFT_ACTIVE_COMPILATION_CONDITIONS = DEBUG;
				SWIFT_OPTIMIZATION_LEVEL = "-Onone";
				TARGETED_DEVICE_FAMILY = "1,2";
			};
			name = Debug;
		};
		18F6E5E71F57B363006D9DE4 /* Release */ = {
			isa = XCBuildConfiguration;
			buildSettings = {
				ALWAYS_SEARCH_USER_PATHS = NO;
				CLANG_ANALYZER_NONNULL = YES;
				CLANG_CXX_LANGUAGE_STANDARD = "gnu++0x";
				CLANG_CXX_LIBRARY = "libc++";
				CLANG_ENABLE_MODULES = YES;
				CLANG_ENABLE_OBJC_ARC = YES;
				CLANG_WARN_BOOL_CONVERSION = YES;
				CLANG_WARN_CONSTANT_CONVERSION = YES;
				CLANG_WARN_DIRECT_OBJC_ISA_USAGE = YES_ERROR;
				CLANG_WARN_DOCUMENTATION_COMMENTS = YES;
				CLANG_WARN_EMPTY_BODY = YES;
				CLANG_WARN_ENUM_CONVERSION = YES;
				CLANG_WARN_INFINITE_RECURSION = YES;
				CLANG_WARN_INT_CONVERSION = YES;
				CLANG_WARN_OBJC_ROOT_CLASS = YES_ERROR;
				CLANG_WARN_SUSPICIOUS_MOVE = YES;
				CLANG_WARN_UNREACHABLE_CODE = YES;
				CLANG_WARN__DUPLICATE_METHOD_MATCH = YES;
				"CODE_SIGN_IDENTITY[sdk=iphoneos*]" = "iPhone Developer";
				COPY_PHASE_STRIP = NO;
				DEBUG_INFORMATION_FORMAT = "dwarf-with-dsym";
				ENABLE_NS_ASSERTIONS = NO;
				ENABLE_STRICT_OBJC_MSGSEND = YES;
				GCC_C_LANGUAGE_STANDARD = gnu99;
				GCC_NO_COMMON_BLOCKS = YES;
				GCC_WARN_64_TO_32_BIT_CONVERSION = YES;
				GCC_WARN_ABOUT_RETURN_TYPE = YES_ERROR;
				GCC_WARN_UNDECLARED_SELECTOR = YES;
				GCC_WARN_UNINITIALIZED_AUTOS = YES_AGGRESSIVE;
				GCC_WARN_UNUSED_FUNCTION = YES;
				GCC_WARN_UNUSED_VARIABLE = YES;
				IPHONEOS_DEPLOYMENT_TARGET = 10.2;
				MTL_ENABLE_DEBUG_INFO = NO;
				SDKROOT = iphoneos;
				SWIFT_OPTIMIZATION_LEVEL = "-Owholemodule";
				TARGETED_DEVICE_FAMILY = "1,2";
				VALIDATE_PRODUCT = YES;
			};
			name = Release;
		};
		18F6E5E91F57B363006D9DE4 /* Debug */ = {
			isa = XCBuildConfiguration;
			buildSettings = {
				ASSETCATALOG_COMPILER_APPICON_NAME = AppIcon;
				DEVELOPMENT_TEAM = PE9MW7PNB5;
				INFOPLIST_FILE = itunesMusicVideosSearch/Info.plist;
				LD_RUNPATH_SEARCH_PATHS = "$(inherited) @executable_path/Frameworks";
				PRODUCT_BUNDLE_IDENTIFIER = com.ayadios.itunesMusicVideosSearch;
				PRODUCT_NAME = "$(TARGET_NAME)";
				SWIFT_VERSION = 3.0;
			};
			name = Debug;
		};
		18F6E5EA1F57B363006D9DE4 /* Release */ = {
			isa = XCBuildConfiguration;
			buildSettings = {
				ASSETCATALOG_COMPILER_APPICON_NAME = AppIcon;
				DEVELOPMENT_TEAM = PE9MW7PNB5;
				INFOPLIST_FILE = itunesMusicVideosSearch/Info.plist;
				LD_RUNPATH_SEARCH_PATHS = "$(inherited) @executable_path/Frameworks";
				PRODUCT_BUNDLE_IDENTIFIER = com.ayadios.itunesMusicVideosSearch;
				PRODUCT_NAME = "$(TARGET_NAME)";
				SWIFT_VERSION = 3.0;
			};
			name = Release;
		};
/* End XCBuildConfiguration section */

/* Begin XCConfigurationList section */
		18F6E5D11F57B363006D9DE4 /* Build configuration list for PBXProject "itunesMusicVideosSearch" */ = {
			isa = XCConfigurationList;
			buildConfigurations = (
				18F6E5E61F57B363006D9DE4 /* Debug */,
				18F6E5E71F57B363006D9DE4 /* Release */,
			);
			defaultConfigurationIsVisible = 0;
			defaultConfigurationName = Release;
		};
		18F6E5E81F57B363006D9DE4 /* Build configuration list for PBXNativeTarget "itunesMusicVideosSearch" */ = {
			isa = XCConfigurationList;
			buildConfigurations = (
				18F6E5E91F57B363006D9DE4 /* Debug */,
				18F6E5EA1F57B363006D9DE4 /* Release */,
			);
			defaultConfigurationIsVisible = 0;
		};
/* End XCConfigurationList section */
	};
	rootObject = 18F6E5CE1F57B363006D9DE4 /* Project object */;
}
